<?xml version="1.0" encoding="utf-8"?>
<Project ToolsVersion="4.0" xmlns="http://schemas.microsoft.com/developer/msbuild/2003">
  <ItemGroup>
    <Filter Include="Файлы исходного кода">
      <UniqueIdentifier>{4FC737F1-C7A5-4376-A066-2A32D752A2FF}</UniqueIdentifier>
      <Extensions>cpp;c;cc;cxx;def;odl;idl;hpj;bat;asm;asmx</Extensions>
    </Filter>
    <Filter Include="Заголовочные файлы">
      <UniqueIdentifier>{93995380-89BD-4b04-88EB-625FBE52EBFB}</UniqueIdentifier>
      <Extensions>h;hh;hpp;hxx;hm;inl;inc;xsd</Extensions>
    </Filter>
    <Filter Include="Файлы ресурсов">
      <UniqueIdentifier>{67DA6AB6-F800-4c08-8B7A-83BB121AAD01}</UniqueIdentifier>
      <Extensions>rc;ico;cur;bmp;dlg;rc2;rct;bin;rgs;gif;jpg;jpeg;jpe;resx;tiff;tif;png;wav;mfcribbon-ms</Extensions>
    </Filter>
    <Filter Include="dll">
      <UniqueIdentifier>{493e2945-d5c2-4b37-95a8-4ffb96eb4993}</UniqueIdentifier>
    </Filter>
    <Filter Include="dll\x64">
      <UniqueIdentifier>{b0a0e4bb-b81d-4b61-b22c-39bd2587e64d}</UniqueIdentifier>
    </Filter>
    <Filter Include="dll\x86">
      <UniqueIdentifier>{b971e5af-8109-49a5-89b8-8325c1be4b53}</UniqueIdentifier>
    </Filter>
  </ItemGroup>
  <ItemGroup>
    <ClCompile Include="MainForm.cpp">
      <Filter>Файлы исходного кода</Filter>
    </ClCompile>
  </ItemGroup>
  <ItemGroup>
    <ClInclude Include="MainForm.h">
      <Filter>Файлы исходного кода</Filter>
    </ClInclude>
    <ClInclude Include="MSS.h">
      <Filter>Файлы исходного кода</Filter>
    </ClInclude>
    <ClInclude Include="AboutForm.h">
      <Filter>Файлы исходного кода</Filter>
    </ClInclude>
    <ClInclude Include="HelpForm.h">
      <Filter>Файлы исходного кода</Filter>
    </ClInclude>
    <ClInclude Include="EEForm.h">
      <Filter>Файлы исходного кода</Filter>
    </ClInclude>
  </ItemGroup>
  <ItemGroup>
    <EmbeddedResource Include="MainForm.resx">
      <Filter>Файлы ресурсов</Filter>
    </EmbeddedResource>
    <EmbeddedResource Include="AboutForm.resx">
      <Filter>Файлы ресурсов</Filter>
    </EmbeddedResource>
    <EmbeddedResource Include="HelpForm.resx">
      <Filter>Файлы ресурсов</Filter>
    </EmbeddedResource>
  </ItemGroup>
  <ItemGroup>
    <Text Include="tables.db3" />
  </ItemGroup>
  <ItemGroup>
    <Image Include="ramblogo.png">
      <Filter>Файлы исходного кода</Filter>
    </Image>
    <Image Include="ee.png">
      <Filter>Файлы исходного кода</Filter>
    </Image>
  </ItemGroup>
  <ItemGroup>
    <None Include="x64\SQLite.Interop.dll">
      <Filter>dll\x64</Filter>
    </None>
    <None Include="x86\SQLite.Interop.dll">
      <Filter>dll\x86</Filter>
    </None>
    <None Include="x86\System.Data.SQLite.dll">
      <Filter>dll\x86</Filter>
    </None>
  </ItemGroup>
  <ItemGroup>
    <_EmbedManagedResourceFile Include="x64\System.Data.SQLite.dll">
      <Filter>dll\x64</Filter>
    </_EmbedManagedResourceFile>
  </ItemGroup>
  <ItemGroup>
    <Media Include="ee.wav">
      <Filter>Файлы исходного кода</Filter>
    </Media>
  </ItemGroup>
</Project>